// !$*UTF8*$!
{
	archiveVersion = 1;
	classes = {
	};
	objectVersion = 50;
	objects = {

/* Begin PBXBuildFile section */
		7942F5322634AE250020A2C0 /* main.c in Sources */ = {isa = PBXBuildFile; fileRef = 7942F5312634AE250020A2C0 /* main.c */; };
/* End PBXBuildFile section */

/* Begin PBXCopyFilesBuildPhase section */
		798534D2261BC62900356050 /* CopyFiles */ = {
			isa = PBXCopyFilesBuildPhase;
			buildActionMask = 2147483647;
			dstPath = /usr/share/man/man1/;
			dstSubfolderSpec = 0;
			files = (
			);
			runOnlyForDeploymentPostprocessing = 1;
		};
/* End PBXCopyFilesBuildPhase section */

/* Begin PBXFileReference section */
		7934B9AC262A68F800A5D2C5 /* main.c */ = {isa = PBXFileReference; lastKnownFileType = sourcecode.c.c; path = main.c; sourceTree = "<group>"; };
		7942F52A2634A8A40020A2C0 /* main.c */ = {isa = PBXFileReference; lastKnownFileType = sourcecode.c.c; path = main.c; sourceTree = "<group>"; };
		7942F5312634AE250020A2C0 /* main.c */ = {isa = PBXFileReference; lastKnownFileType = sourcecode.c.c; path = main.c; sourceTree = "<group>"; };
		7984E76B26210DE600E630D2 /* main.c */ = {isa = PBXFileReference; lastKnownFileType = sourcecode.c.c; path = main.c; sourceTree = "<group>"; };
		798534D4261BC62900356050 /* Algoritmo e Estrutura de Dados II */ = {isa = PBXFileReference; explicitFileType = "compiled.mach-o.executable"; includeInIndex = 0; path = "Algoritmo e Estrutura de Dados II"; sourceTree = BUILT_PRODUCTS_DIR; };
		798534D7261BC62900356050 /* mainn.c */ = {isa = PBXFileReference; lastKnownFileType = sourcecode.c.c; name = mainn.c; path = "/Users/guilherme/Documents/aedExercicios/Algoritmo e Estrutura de Dados II/Algoritmo e Estrutura de Dados II/Treino-01/mainn.c"; sourceTree = "<absolute>"; };
		798534EA261D05E100356050 /* main.c */ = {isa = PBXFileReference; lastKnownFileType = sourcecode.c.c; name = main.c; path = "/Users/guilherme/Documents/aedExercicios/Algoritmo e Estrutura de Dados II/Algoritmo e Estrutura de Dados II/Treino-02/main.c"; sourceTree = "<absolute>"; };
		79A85362261E744500280C30 /* main.c */ = {isa = PBXFileReference; lastKnownFileType = sourcecode.c.c; path = main.c; sourceTree = "<group>"; };
/* End PBXFileReference section */

/* Begin PBXFrameworksBuildPhase section */
		798534D1261BC62900356050 /* Frameworks */ = {
			isa = PBXFrameworksBuildPhase;
			buildActionMask = 2147483647;
			files = (
			);
			runOnlyForDeploymentPostprocessing = 0;
		};
/* End PBXFrameworksBuildPhase section */

/* Begin PBXGroup section */
		7934B9AA262A684100A5D2C5 /* Arvores-01 */ = {
			isa = PBXGroup;
			children = (
				7934B9AC262A68F800A5D2C5 /* main.c */,
			);
			path = "Arvores-01";
			sourceTree = "<group>";
		};
		7942F5282634A8910020A2C0 /* Arvores-02 */ = {
			isa = PBXGroup;
			children = (
				7942F52A2634A8A40020A2C0 /* main.c */,
			);
			path = "Arvores-02";
			sourceTree = "<group>";
		};
		7942F52F2634AE170020A2C0 /* Arvores-03 */ = {
			isa = PBXGroup;
			children = (
				7942F5312634AE250020A2C0 /* main.c */,
			);
			path = "Arvores-03";
			sourceTree = "<group>";
		};
		7984E76926210DC800E630D2 /* Atividade-1 */ = {
			isa = PBXGroup;
			children = (
				7984E76B26210DE600E630D2 /* main.c */,
			);
			path = "Atividade-1";
			sourceTree = "<group>";
		};
		798534CB261BC62900356050 = {
			isa = PBXGroup;
			children = (
				798534D6261BC62900356050 /* Algoritmo e Estrutura de Dados II */,
				798534D5261BC62900356050 /* Products */,
			);
			sourceTree = "<group>";
		};
		798534D5261BC62900356050 /* Products */ = {
			isa = PBXGroup;
			children = (
				798534D4261BC62900356050 /* Algoritmo e Estrutura de Dados II */,
			);
			name = Products;
			sourceTree = "<group>";
		};
		798534D6261BC62900356050 /* Algoritmo e Estrutura de Dados II */ = {
			isa = PBXGroup;
			children = (
				7942F52F2634AE170020A2C0 /* Arvores-03 */,
				7942F5282634A8910020A2C0 /* Arvores-02 */,
				7934B9AA262A684100A5D2C5 /* Arvores-01 */,
				7984E76926210DC800E630D2 /* Atividade-1 */,
				79A85360261E742900280C30 /* Treino-03 */,
				798534E0261CFF7600356050 /* Treino-02 */,
				798534DF261BC6A100356050 /* Treino-01 */,
			);
			path = "Algoritmo e Estrutura de Dados II";
			sourceTree = "<group>";
		};
		798534DF261BC6A100356050 /* Treino-01 */ = {
			isa = PBXGroup;
			children = (
				798534D7261BC62900356050 /* mainn.c */,
			);
			path = "Treino-01";
			sourceTree = "<group>";
		};
		798534E0261CFF7600356050 /* Treino-02 */ = {
			isa = PBXGroup;
			children = (
				798534EA261D05E100356050 /* main.c */,
			);
			path = "Treino-02";
			sourceTree = "<group>";
		};
		79A85360261E742900280C30 /* Treino-03 */ = {
			isa = PBXGroup;
			children = (
				79A85362261E744500280C30 /* main.c */,
			);
			path = "Treino-03";
			sourceTree = "<group>";
		};
/* End PBXGroup section */

/* Begin PBXNativeTarget section */
		798534D3261BC62900356050 /* Algoritmo e Estrutura de Dados II */ = {
			isa = PBXNativeTarget;
			buildConfigurationList = 798534DB261BC62900356050 /* Build configuration list for PBXNativeTarget "Algoritmo e Estrutura de Dados II" */;
			buildPhases = (
				798534D0261BC62900356050 /* Sources */,
				798534D1261BC62900356050 /* Frameworks */,
				798534D2261BC62900356050 /* CopyFiles */,
			);
			buildRules = (
			);
			dependencies = (
			);
			name = "Algoritmo e Estrutura de Dados II";
			productName = "Algoritmo e Estrutura de Dados II";
			productReference = 798534D4261BC62900356050 /* Algoritmo e Estrutura de Dados II */;
			productType = "com.apple.product-type.tool";
		};
/* End PBXNativeTarget section */

/* Begin PBXProject section */
		798534CC261BC62900356050 /* Project object */ = {
			isa = PBXProject;
			attributes = {
				LastUpgradeCheck = 1240;
				TargetAttributes = {
					798534D3261BC62900356050 = {
						CreatedOnToolsVersion = 12.4;
					};
				};
			};
			buildConfigurationList = 798534CF261BC62900356050 /* Build configuration list for PBXProject "Algoritmo e Estrutura de Dados II" */;
			compatibilityVersion = "Xcode 9.3";
			developmentRegion = en;
			hasScannedForEncodings = 0;
			knownRegions = (
				en,
				Base,
			);
			mainGroup = 798534CB261BC62900356050;
			productRefGroup = 798534D5261BC62900356050 /* Products */;
			projectDirPath = "";
			projectRoot = "";
			targets = (
				798534D3261BC62900356050 /* Algoritmo e Estrutura de Dados II */,
			);
		};
/* End PBXProject section */

/* Begin PBXSourcesBuildPhase section */
		798534D0261BC62900356050 /* Sources */ = {
			isa = PBXSourcesBuildPhase;
			buildActionMask = 2147483647;
			files = (
				7942F5322634AE250020A2C0 /* main.c in Sources */,
			);
			runOnlyForDeploymentPostprocessing = 0;
		};
/* End PBXSourcesBuildPhase section */

/* Begin XCBuildConfiguration section */
		798534D9261BC62900356050 /* Debug */ = {
			isa = XCBuildConfiguration;
			buildSettings = {
				ALWAYS_SEARCH_USER_PATHS = NO;
				CLANG_ANALYZER_NONNULL = YES;
				CLANG_ANALYZER_NUMBER_OBJECT_CONVERSION = YES_AGGRESSIVE;
				CLANG_CXX_LANGUAGE_STANDARD = "gnu++14";
				CLANG_CXX_LIBRARY = "libc++";
				CLANG_ENABLE_MODULES = YES;
				CLANG_ENABLE_OBJC_ARC = YES;
				CLANG_ENABLE_OBJC_WEAK = YES;
				CLANG_WARN_BLOCK_CAPTURE_AUTORELEASING = YES;
				CLANG_WARN_BOOL_CONVERSION = YES;
				CLANG_WARN_COMMA = YES;
				CLANG_WARN_CONSTANT_CONVERSION = YES;
				CLANG_WARN_DEPRECATED_OBJC_IMPLEMENTATIONS = YES;
				CLANG_WARN_DIRECT_OBJC_ISA_USAGE = YES_ERROR;
				CLANG_WARN_DOCUMENTATION_COMMENTS = YES;
				CLANG_WARN_EMPTY_BODY = YES;
				CLANG_WARN_ENUM_CONVERSION = YES;
				CLANG_WARN_INFINITE_RECURSION = YES;
				CLANG_WARN_INT_CONVERSION = YES;
				CLANG_WARN_NON_LITERAL_NULL_CONVERSION = YES;
				CLANG_WARN_OBJC_IMPLICIT_RETAIN_SELF = YES;
				CLANG_WARN_OBJC_LITERAL_CONVERSION = YES;
				CLANG_WARN_OBJC_ROOT_CLASS = YES_ERROR;
				CLANG_WARN_QUOTED_INCLUDE_IN_FRAMEWORK_HEADER = YES;
				CLANG_WARN_RANGE_LOOP_ANALYSIS = YES;
				CLANG_WARN_STRICT_PROTOTYPES = YES;
				CLANG_WARN_SUSPICIOUS_MOVE = YES;
				CLANG_WARN_UNGUARDED_AVAILABILITY = YES_AGGRESSIVE;
				CLANG_WARN_UNREACHABLE_CODE = YES;
				CLANG_WARN__DUPLICATE_METHOD_MATCH = YES;
				COPY_PHASE_STRIP = NO;
				DEBUG_INFORMATION_FORMAT = dwarf;
				ENABLE_STRICT_OBJC_MSGSEND = YES;
				ENABLE_TESTABILITY = YES;
				GCC_C_LANGUAGE_STANDARD = gnu11;
				GCC_DYNAMIC_NO_PIC = NO;
				GCC_NO_COMMON_BLOCKS = NO;
				GCC_OPTIMIZATION_LEVEL = 0;
				GCC_PREPROCESSOR_DEFINITIONS = (
					"DEBUG=1",
					"$(inherited)",
				);
				GCC_WARN_64_TO_32_BIT_CONVERSION = YES;
				GCC_WARN_ABOUT_RETURN_TYPE = YES_ERROR;
				GCC_WARN_UNDECLARED_SELECTOR = YES;
				GCC_WARN_UNINITIALIZED_AUTOS = YES_AGGRESSIVE;
				GCC_WARN_UNUSED_FUNCTION = YES;
				GCC_WARN_UNUSED_VARIABLE = YES;
				MACOSX_DEPLOYMENT_TARGET = 11.1;
				MTL_ENABLE_DEBUG_INFO = INCLUDE_SOURCE;
				MTL_FAST_MATH = YES;
				ONLY_ACTIVE_ARCH = YES;
				SDKROOT = macosx;
			};
			name = Debug;
		};
		798534DA261BC62900356050 /* Release */ = {
			isa = XCBuildConfiguration;
			buildSettings = {
				ALWAYS_SEARCH_USER_PATHS = NO;
				CLANG_ANALYZER_NONNULL = YES;
				CLANG_ANALYZER_NUMBER_OBJECT_CONVERSION = YES_AGGRESSIVE;
				CLANG_CXX_LANGUAGE_STANDARD = "gnu++14";
				CLANG_CXX_LIBRARY = "libc++";
				CLANG_ENABLE_MODULES = YES;
				CLANG_ENABLE_OBJC_ARC = YES;
				CLANG_ENABLE_OBJC_WEAK = YES;
				CLANG_WARN_BLOCK_CAPTURE_AUTORELEASING = YES;
				CLANG_WARN_BOOL_CONVERSION = YES;
				CLANG_WARN_COMMA = YES;
				CLANG_WARN_CONSTANT_CONVERSION = YES;
				CLANG_WARN_DEPRECATED_OBJC_IMPLEMENTATIONS = YES;
				CLANG_WARN_DIRECT_OBJC_ISA_USAGE = YES_ERROR;
				CLANG_WARN_DOCUMENTATION_COMMENTS = YES;
				CLANG_WARN_EMPTY_BODY = YES;
				CLANG_WARN_ENUM_CONVERSION = YES;
				CLANG_WARN_INFINITE_RECURSION = YES;
				CLANG_WARN_INT_CONVERSION = YES;
				CLANG_WARN_NON_LITERAL_NULL_CONVERSION = YES;
				CLANG_WARN_OBJC_IMPLICIT_RETAIN_SELF = YES;
				CLANG_WARN_OBJC_LITERAL_CONVERSION = YES;
				CLANG_WARN_OBJC_ROOT_CLASS = YES_ERROR;
				CLANG_WARN_QUOTED_INCLUDE_IN_FRAMEWORK_HEADER = YES;
				CLANG_WARN_RANGE_LOOP_ANALYSIS = YES;
				CLANG_WARN_STRICT_PROTOTYPES = YES;
				CLANG_WARN_SUSPICIOUS_MOVE = YES;
				CLANG_WARN_UNGUARDED_AVAILABILITY = YES_AGGRESSIVE;
				CLANG_WARN_UNREACHABLE_CODE = YES;
				CLANG_WARN__DUPLICATE_METHOD_MATCH = YES;
				COPY_PHASE_STRIP = NO;
				DEBUG_INFORMATION_FORMAT = "dwarf-with-dsym";
				ENABLE_NS_ASSERTIONS = NO;
				ENABLE_STRICT_OBJC_MSGSEND = YES;
				GCC_C_LANGUAGE_STANDARD = gnu11;
				GCC_NO_COMMON_BLOCKS = NO;
				GCC_WARN_64_TO_32_BIT_CONVERSION = YES;
				GCC_WARN_ABOUT_RETURN_TYPE = YES_ERROR;
				GCC_WARN_UNDECLARED_SELECTOR = YES;
				GCC_WARN_UNINITIALIZED_AUTOS = YES_AGGRESSIVE;
				GCC_WARN_UNUSED_FUNCTION = YES;
				GCC_WARN_UNUSED_VARIABLE = YES;
				MACOSX_DEPLOYMENT_TARGET = 11.1;
				MTL_ENABLE_DEBUG_INFO = NO;
				MTL_FAST_MATH = YES;
				SDKROOT = macosx;
			};
			name = Release;
		};
		798534DC261BC62900356050 /* Debug */ = {
			isa = XCBuildConfiguration;
			buildSettings = {
				CODE_SIGN_STYLE = Automatic;
				DEVELOPMENT_TEAM = R5H255ZF9U;
				ENABLE_HARDENED_RUNTIME = YES;
				GCC_NO_COMMON_BLOCKS = NO;
				PRODUCT_NAME = "$(TARGET_NAME)";
			};
			name = Debug;
		};
		798534DD261BC62900356050 /* Release */ = {
			isa = XCBuildConfiguration;
			buildSettings = {
				CODE_SIGN_STYLE = Automatic;
				DEVELOPMENT_TEAM = R5H255ZF9U;
				ENABLE_HARDENED_RUNTIME = YES;
				GCC_NO_COMMON_BLOCKS = NO;
				PRODUCT_NAME = "$(TARGET_NAME)";
			};
			name = Release;
		};
/* End XCBuildConfiguration section */

/* Begin XCConfigurationList section */
		798534CF261BC62900356050 /* Build configuration list for PBXProject "Algoritmo e Estrutura de Dados II" */ = {
			isa = XCConfigurationList;
			buildConfigurations = (
				798534D9261BC62900356050 /* Debug */,
				798534DA261BC62900356050 /* Release */,
			);
			defaultConfigurationIsVisible = 0;
			defaultConfigurationName = Release;
		};
		798534DB261BC62900356050 /* Build configuration list for PBXNativeTarget "Algoritmo e Estrutura de Dados II" */ = {
			isa = XCConfigurationList;
			buildConfigurations = (
				798534DC261BC62900356050 /* Debug */,
				798534DD261BC62900356050 /* Release */,
			);
			defaultConfigurationIsVisible = 0;
			defaultConfigurationName = Release;
		};
/* End XCConfigurationList section */
	};
	rootObject = 798534CC261BC62900356050 /* Project object */;
}
